
Microsoft Visual Studio Solution File, Format Version 12.00
# Visual Studio Version 17
VisualStudioVersion = 17.0.31903.59
MinimumVisualStudioVersion = 10.0.40219.1
Project("{FAE04EC0-301F-11D3-BF4B-00C04F79EFBC}") = "Gateway.API", "Gateway.API\Gateway.API.csproj", "{E4F525C5-CE3E-4899-A508-D32B1088E734}"
EndProject
Project("{2150E333-8FDC-42A3-9474-1A3956D46DE8}") = "Usuarios", "Usuarios", "{7EA71CC6-19E6-DA67-08D4-A52AFE372D07}"
EndProject
Project("{FAE04EC0-301F-11D3-BF4B-00C04F79EFBC}") = "Usuarios.Presentacion", "Usuarios\Usuarios.Presentacion\Usuarios.Presentacion.csproj", "{1C080AB6-AE58-4CB5-B379-A61063F0DE28}"
EndProject
Project("{FAE04EC0-301F-11D3-BF4B-00C04F79EFBC}") = "Usuarios.Aplicacion", "Usuarios\Usuarios.Aplicacion\Usuarios.Aplicacion.csproj", "{D70454C5-AFD0-49A6-9C5D-55BBE3E52F87}"
EndProject
Project("{FAE04EC0-301F-11D3-BF4B-00C04F79EFBC}") = "Usuarios.Dominio", "Usuarios\Usuarios.Dominio\Usuarios.Dominio.csproj", "{0A5789E9-7C50-41E6-9C0C-310E7A8DEE29}"
EndProject
Project("{FAE04EC0-301F-11D3-BF4B-00C04F79EFBC}") = "Usuarios.Infraestructura", "Usuarios\Usuarios.Infraestructura\Usuarios.Infraestructura.csproj", "{236092FC-D811-44AB-A007-DD54901DD5B8}"
EndProject
Project("{2150E333-8FDC-42A3-9474-1A3956D46DE8}") = "Eventos", "Eventos", "{0AC7D3E7-F429-BA25-6122-D7173D5E91BB}"
EndProject
Project("{FAE04EC0-301F-11D3-BF4B-00C04F79EFBC}") = "Eventos.Presentacion", "Eventos\Eventos.Presentacion\Eventos.Presentacion.csproj", "{6BB5B2B4-68A5-404B-BA82-F9673ECE3E4E}"
EndProject
Project("{FAE04EC0-301F-11D3-BF4B-00C04F79EFBC}") = "Eventos.Aplicacion", "Eventos\Eventos.Aplicacion\Eventos.Aplicacion.csproj", "{C24B9A30-E468-47EC-B0B9-D75D02358F40}"
EndProject
Project("{FAE04EC0-301F-11D3-BF4B-00C04F79EFBC}") = "Eventos.Dominio", "Eventos\Eventos.Dominio\Eventos.Dominio.csproj", "{6AA83D2B-78BE-4F8B-9071-7610D5A34546}"
EndProject
Project("{FAE04EC0-301F-11D3-BF4B-00C04F79EFBC}") = "Eventos.Infraestructura", "Eventos\Eventos.Infraestructura\Eventos.Infraestructura.csproj", "{4D563465-DD77-4031-AFA1-82E9036527C3}"
EndProject
Global
	GlobalSection(SolutionConfigurationPlatforms) = preSolution
		Debug|Any CPU = Debug|Any CPU
		Debug|x64 = Debug|x64
		Debug|x86 = Debug|x86
		Release|Any CPU = Release|Any CPU
		Release|x64 = Release|x64
		Release|x86 = Release|x86
	EndGlobalSection
	GlobalSection(ProjectConfigurationPlatforms) = postSolution
		{E4F525C5-CE3E-4899-A508-D32B1088E734}.Debug|Any CPU.ActiveCfg = Debug|Any CPU
		{E4F525C5-CE3E-4899-A508-D32B1088E734}.Debug|Any CPU.Build.0 = Debug|Any CPU
		{E4F525C5-CE3E-4899-A508-D32B1088E734}.Debug|x64.ActiveCfg = Debug|Any CPU
		{E4F525C5-CE3E-4899-A508-D32B1088E734}.Debug|x64.Build.0 = Debug|Any CPU
		{E4F525C5-CE3E-4899-A508-D32B1088E734}.Debug|x86.ActiveCfg = Debug|Any CPU
		{E4F525C5-CE3E-4899-A508-D32B1088E734}.Debug|x86.Build.0 = Debug|Any CPU
		{E4F525C5-CE3E-4899-A508-D32B1088E734}.Release|Any CPU.ActiveCfg = Release|Any CPU
		{E4F525C5-CE3E-4899-A508-D32B1088E734}.Release|Any CPU.Build.0 = Release|Any CPU
		{E4F525C5-CE3E-4899-A508-D32B1088E734}.Release|x64.ActiveCfg = Release|Any CPU
		{E4F525C5-CE3E-4899-A508-D32B1088E734}.Release|x64.Build.0 = Release|Any CPU
		{E4F525C5-CE3E-4899-A508-D32B1088E734}.Release|x86.ActiveCfg = Release|Any CPU
		{E4F525C5-CE3E-4899-A508-D32B1088E734}.Release|x86.Build.0 = Release|Any CPU
		{1C080AB6-AE58-4CB5-B379-A61063F0DE28}.Debug|Any CPU.ActiveCfg = Debug|Any CPU
		{1C080AB6-AE58-4CB5-B379-A61063F0DE28}.Debug|Any CPU.Build.0 = Debug|Any CPU
		{1C080AB6-AE58-4CB5-B379-A61063F0DE28}.Debug|x64.ActiveCfg = Debug|Any CPU
		{1C080AB6-AE58-4CB5-B379-A61063F0DE28}.Debug|x64.Build.0 = Debug|Any CPU
		{1C080AB6-AE58-4CB5-B379-A61063F0DE28}.Debug|x86.ActiveCfg = Debug|Any CPU
		{1C080AB6-AE58-4CB5-B379-A61063F0DE28}.Debug|x86.Build.0 = Debug|Any CPU
		{1C080AB6-AE58-4CB5-B379-A61063F0DE28}.Release|Any CPU.ActiveCfg = Release|Any CPU
		{1C080AB6-AE58-4CB5-B379-A61063F0DE28}.Release|Any CPU.Build.0 = Release|Any CPU
		{1C080AB6-AE58-4CB5-B379-A61063F0DE28}.Release|x64.ActiveCfg = Release|Any CPU
		{1C080AB6-AE58-4CB5-B379-A61063F0DE28}.Release|x64.Build.0 = Release|Any CPU
		{1C080AB6-AE58-4CB5-B379-A61063F0DE28}.Release|x86.ActiveCfg = Release|Any CPU
		{1C080AB6-AE58-4CB5-B379-A61063F0DE28}.Release|x86.Build.0 = Release|Any CPU
		{D70454C5-AFD0-49A6-9C5D-55BBE3E52F87}.Debug|Any CPU.ActiveCfg = Debug|Any CPU
		{D70454C5-AFD0-49A6-9C5D-55BBE3E52F87}.Debug|Any CPU.Build.0 = Debug|Any CPU
		{D70454C5-AFD0-49A6-9C5D-55BBE3E52F87}.Debug|x64.ActiveCfg = Debug|Any CPU
		{D70454C5-AFD0-49A6-9C5D-55BBE3E52F87}.Debug|x64.Build.0 = Debug|Any CPU
		{D70454C5-AFD0-49A6-9C5D-55BBE3E52F87}.Debug|x86.ActiveCfg = Debug|Any CPU
		{D70454C5-AFD0-49A6-9C5D-55BBE3E52F87}.Debug|x86.Build.0 = Debug|Any CPU
		{D70454C5-AFD0-49A6-9C5D-55BBE3E52F87}.Release|Any CPU.ActiveCfg = Release|Any CPU
		{D70454C5-AFD0-49A6-9C5D-55BBE3E52F87}.Release|Any CPU.Build.0 = Release|Any CPU
		{D70454C5-AFD0-49A6-9C5D-55BBE3E52F87}.Release|x64.ActiveCfg = Release|Any CPU
		{D70454C5-AFD0-49A6-9C5D-55BBE3E52F87}.Release|x64.Build.0 = Release|Any CPU
		{D70454C5-AFD0-49A6-9C5D-55BBE3E52F87}.Release|x86.ActiveCfg = Release|Any CPU
		{D70454C5-AFD0-49A6-9C5D-55BBE3E52F87}.Release|x86.Build.0 = Release|Any CPU
		{0A5789E9-7C50-41E6-9C0C-310E7A8DEE29}.Debug|Any CPU.ActiveCfg = Debug|Any CPU
		{0A5789E9-7C50-41E6-9C0C-310E7A8DEE29}.Debug|Any CPU.Build.0 = Debug|Any CPU
		{0A5789E9-7C50-41E6-9C0C-310E7A8DEE29}.Debug|x64.ActiveCfg = Debug|Any CPU
		{0A5789E9-7C50-41E6-9C0C-310E7A8DEE29}.Debug|x64.Build.0 = Debug|Any CPU
		{0A5789E9-7C50-41E6-9C0C-310E7A8DEE29}.Debug|x86.ActiveCfg = Debug|Any CPU
		{0A5789E9-7C50-41E6-9C0C-310E7A8DEE29}.Debug|x86.Build.0 = Debug|Any CPU
		{0A5789E9-7C50-41E6-9C0C-310E7A8DEE29}.Release|Any CPU.ActiveCfg = Release|Any CPU
		{0A5789E9-7C50-41E6-9C0C-310E7A8DEE29}.Release|Any CPU.Build.0 = Release|Any CPU
		{0A5789E9-7C50-41E6-9C0C-310E7A8DEE29}.Release|x64.ActiveCfg = Release|Any CPU
		{0A5789E9-7C50-41E6-9C0C-310E7A8DEE29}.Release|x64.Build.0 = Release|Any CPU
		{0A5789E9-7C50-41E6-9C0C-310E7A8DEE29}.Release|x86.ActiveCfg = Release|Any CPU
		{0A5789E9-7C50-41E6-9C0C-310E7A8DEE29}.Release|x86.Build.0 = Release|Any CPU
		{236092FC-D811-44AB-A007-DD54901DD5B8}.Debug|Any CPU.ActiveCfg = Debug|Any CPU
		{236092FC-D811-44AB-A007-DD54901DD5B8}.Debug|Any CPU.Build.0 = Debug|Any CPU
		{236092FC-D811-44AB-A007-DD54901DD5B8}.Debug|x64.ActiveCfg = Debug|Any CPU
		{236092FC-D811-44AB-A007-DD54901DD5B8}.Debug|x64.Build.0 = Debug|Any CPU
		{236092FC-D811-44AB-A007-DD54901DD5B8}.Debug|x86.ActiveCfg = Debug|Any CPU
		{236092FC-D811-44AB-A007-DD54901DD5B8}.Debug|x86.Build.0 = Debug|Any CPU
		{236092FC-D811-44AB-A007-DD54901DD5B8}.Release|Any CPU.ActiveCfg = Release|Any CPU
		{236092FC-D811-44AB-A007-DD54901DD5B8}.Release|Any CPU.Build.0 = Release|Any CPU
		{236092FC-D811-44AB-A007-DD54901DD5B8}.Release|x64.ActiveCfg = Release|Any CPU
		{236092FC-D811-44AB-A007-DD54901DD5B8}.Release|x64.Build.0 = Release|Any CPU
		{236092FC-D811-44AB-A007-DD54901DD5B8}.Release|x86.ActiveCfg = Release|Any CPU
		{236092FC-D811-44AB-A007-DD54901DD5B8}.Release|x86.Build.0 = Release|Any CPU
		{6BB5B2B4-68A5-404B-BA82-F9673ECE3E4E}.Debug|Any CPU.ActiveCfg = Debug|Any CPU
		{6BB5B2B4-68A5-404B-BA82-F9673ECE3E4E}.Debug|Any CPU.Build.0 = Debug|Any CPU
		{6BB5B2B4-68A5-404B-BA82-F9673ECE3E4E}.Debug|x64.ActiveCfg = Debug|Any CPU
		{6BB5B2B4-68A5-404B-BA82-F9673ECE3E4E}.Debug|x64.Build.0 = Debug|Any CPU
		{6BB5B2B4-68A5-404B-BA82-F9673ECE3E4E}.Debug|x86.ActiveCfg = Debug|Any CPU
		{6BB5B2B4-68A5-404B-BA82-F9673ECE3E4E}.Debug|x86.Build.0 = Debug|Any CPU
		{6BB5B2B4-68A5-404B-BA82-F9673ECE3E4E}.Release|Any CPU.ActiveCfg = Release|Any CPU
		{6BB5B2B4-68A5-404B-BA82-F9673ECE3E4E}.Release|Any CPU.Build.0 = Release|Any CPU
		{6BB5B2B4-68A5-404B-BA82-F9673ECE3E4E}.Release|x64.ActiveCfg = Release|Any CPU
		{6BB5B2B4-68A5-404B-BA82-F9673ECE3E4E}.Release|x64.Build.0 = Release|Any CPU
		{6BB5B2B4-68A5-404B-BA82-F9673ECE3E4E}.Release|x86.ActiveCfg = Release|Any CPU
		{6BB5B2B4-68A5-404B-BA82-F9673ECE3E4E}.Release|x86.Build.0 = Release|Any CPU
		{C24B9A30-E468-47EC-B0B9-D75D02358F40}.Debug|Any CPU.ActiveCfg = Debug|Any CPU
		{C24B9A30-E468-47EC-B0B9-D75D02358F40}.Debug|Any CPU.Build.0 = Debug|Any CPU
		{C24B9A30-E468-47EC-B0B9-D75D02358F40}.Debug|x64.ActiveCfg = Debug|Any CPU
		{C24B9A30-E468-47EC-B0B9-D75D02358F40}.Debug|x64.Build.0 = Debug|Any CPU
		{C24B9A30-E468-47EC-B0B9-D75D02358F40}.Debug|x86.ActiveCfg = Debug|Any CPU
		{C24B9A30-E468-47EC-B0B9-D75D02358F40}.Debug|x86.Build.0 = Debug|Any CPU
		{C24B9A30-E468-47EC-B0B9-D75D02358F40}.Release|Any CPU.ActiveCfg = Release|Any CPU
		{C24B9A30-E468-47EC-B0B9-D75D02358F40}.Release|Any CPU.Build.0 = Release|Any CPU
		{C24B9A30-E468-47EC-B0B9-D75D02358F40}.Release|x64.ActiveCfg = Release|Any CPU
		{C24B9A30-E468-47EC-B0B9-D75D02358F40}.Release|x64.Build.0 = Release|Any CPU
		{C24B9A30-E468-47EC-B0B9-D75D02358F40}.Release|x86.ActiveCfg = Release|Any CPU
		{C24B9A30-E468-47EC-B0B9-D75D02358F40}.Release|x86.Build.0 = Release|Any CPU
		{6AA83D2B-78BE-4F8B-9071-7610D5A34546}.Debug|Any CPU.ActiveCfg = Debug|Any CPU
		{6AA83D2B-78BE-4F8B-9071-7610D5A34546}.Debug|Any CPU.Build.0 = Debug|Any CPU
		{6AA83D2B-78BE-4F8B-9071-7610D5A34546}.Debug|x64.ActiveCfg = Debug|Any CPU
		{6AA83D2B-78BE-4F8B-9071-7610D5A34546}.Debug|x64.Build.0 = Debug|Any CPU
		{6AA83D2B-78BE-4F8B-9071-7610D5A34546}.Debug|x86.ActiveCfg = Debug|Any CPU
		{6AA83D2B-78BE-4F8B-9071-7610D5A34546}.Debug|x86.Build.0 = Debug|Any CPU
		{6AA83D2B-78BE-4F8B-9071-7610D5A34546}.Release|Any CPU.ActiveCfg = Release|Any CPU
		{6AA83D2B-78BE-4F8B-9071-7610D5A34546}.Release|Any CPU.Build.0 = Release|Any CPU
		{6AA83D2B-78BE-4F8B-9071-7610D5A34546}.Release|x64.ActiveCfg = Release|Any CPU
		{6AA83D2B-78BE-4F8B-9071-7610D5A34546}.Release|x64.Build.0 = Release|Any CPU
		{6AA83D2B-78BE-4F8B-9071-7610D5A34546}.Release|x86.ActiveCfg = Release|Any CPU
		{6AA83D2B-78BE-4F8B-9071-7610D5A34546}.Release|x86.Build.0 = Release|Any CPU
		{4D563465-DD77-4031-AFA1-82E9036527C3}.Debug|Any CPU.ActiveCfg = Debug|Any CPU
		{4D563465-DD77-4031-AFA1-82E9036527C3}.Debug|Any CPU.Build.0 = Debug|Any CPU
		{4D563465-DD77-4031-AFA1-82E9036527C3}.Debug|x64.ActiveCfg = Debug|Any CPU
		{4D563465-DD77-4031-AFA1-82E9036527C3}.Debug|x64.Build.0 = Debug|Any CPU
		{4D563465-DD77-4031-AFA1-82E9036527C3}.Debug|x86.ActiveCfg = Debug|Any CPU
		{4D563465-DD77-4031-AFA1-82E9036527C3}.Debug|x86.Build.0 = Debug|Any CPU
		{4D563465-DD77-4031-AFA1-82E9036527C3}.Release|Any CPU.ActiveCfg = Release|Any CPU
		{4D563465-DD77-4031-AFA1-82E9036527C3}.Release|Any CPU.Build.0 = Release|Any CPU
		{4D563465-DD77-4031-AFA1-82E9036527C3}.Release|x64.ActiveCfg = Release|Any CPU
		{4D563465-DD77-4031-AFA1-82E9036527C3}.Release|x64.Build.0 = Release|Any CPU
		{4D563465-DD77-4031-AFA1-82E9036527C3}.Release|x86.ActiveCfg = Release|Any CPU
		{4D563465-DD77-4031-AFA1-82E9036527C3}.Release|x86.Build.0 = Release|Any CPU
	EndGlobalSection
	GlobalSection(SolutionProperties) = preSolution
		HideSolutionNode = FALSE
	EndGlobalSection
	GlobalSection(NestedProjects) = preSolution
		{1C080AB6-AE58-4CB5-B379-A61063F0DE28} = {7EA71CC6-19E6-DA67-08D4-A52AFE372D07}
		{D70454C5-AFD0-49A6-9C5D-55BBE3E52F87} = {7EA71CC6-19E6-DA67-08D4-A52AFE372D07}
		{0A5789E9-7C50-41E6-9C0C-310E7A8DEE29} = {7EA71CC6-19E6-DA67-08D4-A52AFE372D07}
		{236092FC-D811-44AB-A007-DD54901DD5B8} = {7EA71CC6-19E6-DA67-08D4-A52AFE372D07}
		{6BB5B2B4-68A5-404B-BA82-F9673ECE3E4E} = {0AC7D3E7-F429-BA25-6122-D7173D5E91BB}
		{C24B9A30-E468-47EC-B0B9-D75D02358F40} = {0AC7D3E7-F429-BA25-6122-D7173D5E91BB}
		{6AA83D2B-78BE-4F8B-9071-7610D5A34546} = {0AC7D3E7-F429-BA25-6122-D7173D5E91BB}
		{4D563465-DD77-4031-AFA1-82E9036527C3} = {0AC7D3E7-F429-BA25-6122-D7173D5E91BB}
	EndGlobalSection
EndGlobal
